
Microsoft Visual Studio Solution File, Format Version 12.00
# Visual Studio Version 17
VisualStudioVersion = 17.1.32210.238
MinimumVisualStudioVersion = 10.0.40219.1
Project("{8BC9CEB8-8B4A-11D0-8D11-00A0C91BC942}") = "Project01", "Project01.vcxproj", "{091F820A-B248-4ADE-BC54-D59D28220036}"
EndProject
Global
	GlobalSection(SolutionConfigurationPlatforms) = preSolution
		Debug|x64 = Debug|x64
		Debug|x86 = Debug|x86
		Release|x64 = Release|x64
		Release|x86 = Release|x86
	EndGlobalSection
	GlobalSection(ProjectConfigurationPlatforms) = postSolution
		{091F820A-B248-4ADE-BC54-D59D28220036}.Debug|x64.ActiveCfg = Debug|x64
		{091F820A-B248-4ADE-BC54-D59D28220036}.Debug|x64.Build.0 = Debug|x64
		{091F820A-B248-4ADE-BC54-D59D28220036}.Debug|x86.ActiveCfg = Debug|Win32
		{091F820A-B248-4ADE-BC54-D59D28220036}.Debug|x86.Build.0 = Debug|Win32
		{091F820A-B248-4ADE-BC54-D59D28220036}.Release|x64.ActiveCfg = Release|x64
		{091F820A-B248-4ADE-BC54-D59D28220036}.Release|x64.Build.0 = Release|x64
		{091F820A-B248-4ADE-BC54-D59D28220036}.Release|x86.ActiveCfg = Release|Win32
		{091F820A-B248-4ADE-BC54-D59D28220036}.Release|x86.Build.0 = Release|Win32
	EndGlobalSection
	GlobalSection(SolutionProperties) = preSolution
		HideSolutionNode = FALSE
	EndGlobalSection
	GlobalSection(ExtensibilityGlobals) = postSolution
		SolutionGuid = {235D05D7-4CC8-43DF-969B-F3E156904E87}
	EndGlobalSection
EndGlobal
